// !$*UTF8*$!
{
	archiveVersion = 1;
	classes = {
	};
	objectVersion = 77;
	objects = {

/* Begin PBXBuildFile section */
		07F5B781C32DDAB6DAFF668B /* Resources.swift in Sources */ = {isa = PBXBuildFile; fileRef = 901FCB96F3EC1D093E1FAA26 /* Resources.swift */; };
		0ECC47597B24D6EBDC8A0B15 /* PrivacyInfo.xcprivacy in Resources */ = {isa = PBXBuildFile; fileRef = 3E000D7FB1BA5C30C43EDF0C /* PrivacyInfo.xcprivacy */; };
		0FACD7A452F8EE065AE34DBE /* BedNode.swift in Sources */ = {isa = PBXBuildFile; fileRef = 7AA6CECFC6AF48DB5E0C7427 /* BedNode.swift */; };
		217D80CB58BEC18829D7402F /* MainPetView.swift in Sources */ = {isa = PBXBuildFile; fileRef = 93322C02B9A13F6223EAF383 /* MainPetView.swift */; };
		251F9BC8981816C087E2D415 /* ambient_sick.wav in Resources */ = {isa = PBXBuildFile; fileRef = AA22F7D918FE7ADF95EA5330 /* ambient_sick.wav */; };
		26ED68E956BDD4BB3AEA5E99 /* InventoryModel.swift in Sources */ = {isa = PBXBuildFile; fileRef = 53B4FF3B6A6AE35F1581E132 /* InventoryModel.swift */; };
		292235C9542C1A210E355C16 /* StoreView.swift in Sources */ = {isa = PBXBuildFile; fileRef = F0F8E26535EE51B5C5B0319A /* StoreView.swift */; };
		2F1A049D585F08B0DADD902D /* GameStoreTests.swift in Sources */ = {isa = PBXBuildFile; fileRef = 2A70FB2F1F3E9B098C83D508 /* GameStoreTests.swift */; };
		3220BFBAF71D28E040B66A2D /* HouseStore.swift in Sources */ = {isa = PBXBuildFile; fileRef = 8E29C530692477A82C760400 /* HouseStore.swift */; };
		3BF4DD8E0A71CCCDDC387E62 /* HouseScene.swift in Sources */ = {isa = PBXBuildFile; fileRef = 80860656CEFECF59E511458F /* HouseScene.swift */; };
		4946FFBAA53D02B397FFE293 /* AppState.swift in Sources */ = {isa = PBXBuildFile; fileRef = 3BB96584783D1F15149030F7 /* AppState.swift */; };
		510CA878F373C6F538A2C313 /* PetColor.swift in Sources */ = {isa = PBXBuildFile; fileRef = 5E85600609A25EC6C5FCA55C /* PetColor.swift */; };
		682ACF1FF97894234F52CB79 /* SharedHelpers.swift in Sources */ = {isa = PBXBuildFile; fileRef = 842FAFAD76D2C0434A00DE01 /* SharedHelpers.swift */; };
		6E3329208B09DA740019C006 /* GardenScene.swift in Sources */ = {isa = PBXBuildFile; fileRef = BC1A1B9356C560E725A25599 /* GardenScene.swift */; };
		715C4C7A1DE46BB3EFB85FF8 /* SoundscapeManager.swift in Sources */ = {isa = PBXBuildFile; fileRef = 1FBE447E8DDF06F279BB5F1F /* SoundscapeManager.swift */; };
		75F51B8E7D56F3CC4EF41917 /* MockupGalleryView.swift in Sources */ = {isa = PBXBuildFile; fileRef = 0DF8B4C4A3B1F7D971CE1E73 /* MockupGalleryView.swift */; };
		78D636887C56B02E4CAE232F /* gentle_bell.wav in Resources */ = {isa = PBXBuildFile; fileRef = 0BB4319FFACDBD66ED2E4874 /* gentle_bell.wav */; };
		7D4810B54A9BAE7A369EC658 /* HouseItem.swift in Sources */ = {isa = PBXBuildFile; fileRef = 259FB94DF97009E848705E11 /* HouseItem.swift */; };
		8A66AFECAFD6D66A52D29B8E /* GameStore.swift in Sources */ = {isa = PBXBuildFile; fileRef = F6A92BFC107BC53F29B01519 /* GameStore.swift */; };
		97FB6354183ECD2D43D2A14B /* ambient_happy.wav in Resources */ = {isa = PBXBuildFile; fileRef = 36B1A09E4FD17405059723C2 /* ambient_happy.wav */; };
		B40977F25131FD90E64179D9 /* ambient_anxious.wav in Resources */ = {isa = PBXBuildFile; fileRef = 9B896AEB4509FB488B4ACC90 /* ambient_anxious.wav */; };
		B4325CAAF0AF9DBDE1C3BFD7 /* ambient_sleepy.wav in Resources */ = {isa = PBXBuildFile; fileRef = BD298FF86424F924B05DC021 /* ambient_sleepy.wav */; };
		B451CF2A2EEDA8215E3ED1F5 /* NavigationState.swift in Sources */ = {isa = PBXBuildFile; fileRef = 524DA3B6856AF362A2299900 /* NavigationState.swift */; };
		C92B93D14CF50E6D1FD3231F /* HouseView.swift in Sources */ = {isa = PBXBuildFile; fileRef = AB363FCDF5759AC1907CCFC9 /* HouseView.swift */; };
		CCB1D4860A655D6133C747E6 /* GardenSectionView.swift in Sources */ = {isa = PBXBuildFile; fileRef = 9F22731EC6A7D8F9071636FE /* GardenSectionView.swift */; };
		DDCDF327222A3BE66EE3FE5A /* Assets.xcassets in Resources */ = {isa = PBXBuildFile; fileRef = E5D9C0DBB1C7F9277761554D /* Assets.xcassets */; };
		E14191D9F9D4BA301D2E728C /* PetNode.swift in Sources */ = {isa = PBXBuildFile; fileRef = B91242716B74CBD2BFF41195 /* PetNode.swift */; };
		E57674FF2999B2D0DA863952 /* ParticleFactory.swift in Sources */ = {isa = PBXBuildFile; fileRef = F22553E3DB9FE31B7AE9DFDF /* ParticleFactory.swift */; };
		EFB90F5486189C0C0E1F5D3D /* METIMEUITests.swift in Sources */ = {isa = PBXBuildFile; fileRef = 97799F0DC0CAF0F77FB58402 /* METIMEUITests.swift */; };
		FCC883CDB3A718A2D6828717 /* ambient_calm.wav in Resources */ = {isa = PBXBuildFile; fileRef = 53168A29D2F451575F7A2018 /* ambient_calm.wav */; };
		FF6639787893C0A041094DEA /* METIMEApp.swift in Sources */ = {isa = PBXBuildFile; fileRef = 519202695227C6EE54A2A64A /* METIMEApp.swift */; };
/* End PBXBuildFile section */

/* Begin PBXContainerItemProxy section */
		072435BD8333835ADE26F10F /* PBXContainerItemProxy */ = {
			isa = PBXContainerItemProxy;
			containerPortal = 094BAA5952368A2A20FFE1BD /* Project object */;
			proxyType = 1;
			remoteGlobalIDString = 96FEC00E8DED502095E010C5;
			remoteInfo = METIME;
		};
		E4E28A22235FC053F5881D9C /* PBXContainerItemProxy */ = {
			isa = PBXContainerItemProxy;
			containerPortal = 094BAA5952368A2A20FFE1BD /* Project object */;
			proxyType = 1;
			remoteGlobalIDString = 96FEC00E8DED502095E010C5;
			remoteInfo = METIME;
		};
/* End PBXContainerItemProxy section */

/* Begin PBXFileReference section */
		0BB4319FFACDBD66ED2E4874 /* gentle_bell.wav */ = {isa = PBXFileReference; lastKnownFileType = audio.wav; path = gentle_bell.wav; sourceTree = "<group>"; };
		0DF8B4C4A3B1F7D971CE1E73 /* MockupGalleryView.swift */ = {isa = PBXFileReference; lastKnownFileType = sourcecode.swift; path = MockupGalleryView.swift; sourceTree = "<group>"; };
		1FBE447E8DDF06F279BB5F1F /* SoundscapeManager.swift */ = {isa = PBXFileReference; lastKnownFileType = sourcecode.swift; path = SoundscapeManager.swift; sourceTree = "<group>"; };
		259FB94DF97009E848705E11 /* HouseItem.swift */ = {isa = PBXFileReference; lastKnownFileType = sourcecode.swift; path = HouseItem.swift; sourceTree = "<group>"; };
		2A70FB2F1F3E9B098C83D508 /* GameStoreTests.swift */ = {isa = PBXFileReference; lastKnownFileType = sourcecode.swift; path = GameStoreTests.swift; sourceTree = "<group>"; };
		36B1A09E4FD17405059723C2 /* ambient_happy.wav */ = {isa = PBXFileReference; lastKnownFileType = audio.wav; path = ambient_happy.wav; sourceTree = "<group>"; };
		3BB96584783D1F15149030F7 /* AppState.swift */ = {isa = PBXFileReference; lastKnownFileType = sourcecode.swift; path = AppState.swift; sourceTree = "<group>"; };
		3E000D7FB1BA5C30C43EDF0C /* PrivacyInfo.xcprivacy */ = {isa = PBXFileReference; path = PrivacyInfo.xcprivacy; sourceTree = "<group>"; };
		41EC7216656400D141376423 /* METIMEUITests.xctest */ = {isa = PBXFileReference; includeInIndex = 0; lastKnownFileType = wrapper.cfbundle; path = METIMEUITests.xctest; sourceTree = BUILT_PRODUCTS_DIR; };
		519202695227C6EE54A2A64A /* METIMEApp.swift */ = {isa = PBXFileReference; lastKnownFileType = sourcecode.swift; path = METIMEApp.swift; sourceTree = "<group>"; };
		524DA3B6856AF362A2299900 /* NavigationState.swift */ = {isa = PBXFileReference; lastKnownFileType = sourcecode.swift; path = NavigationState.swift; sourceTree = "<group>"; };
		53168A29D2F451575F7A2018 /* ambient_calm.wav */ = {isa = PBXFileReference; lastKnownFileType = audio.wav; path = ambient_calm.wav; sourceTree = "<group>"; };
		53B4FF3B6A6AE35F1581E132 /* InventoryModel.swift */ = {isa = PBXFileReference; lastKnownFileType = sourcecode.swift; path = InventoryModel.swift; sourceTree = "<group>"; };
		5E85600609A25EC6C5FCA55C /* PetColor.swift */ = {isa = PBXFileReference; lastKnownFileType = sourcecode.swift; path = PetColor.swift; sourceTree = "<group>"; };
		7AA6CECFC6AF48DB5E0C7427 /* BedNode.swift */ = {isa = PBXFileReference; lastKnownFileType = sourcecode.swift; path = BedNode.swift; sourceTree = "<group>"; };
		80860656CEFECF59E511458F /* HouseScene.swift */ = {isa = PBXFileReference; lastKnownFileType = sourcecode.swift; path = HouseScene.swift; sourceTree = "<group>"; };
		842FAFAD76D2C0434A00DE01 /* SharedHelpers.swift */ = {isa = PBXFileReference; lastKnownFileType = sourcecode.swift; path = SharedHelpers.swift; sourceTree = "<group>"; };
		8E29C530692477A82C760400 /* HouseStore.swift */ = {isa = PBXFileReference; lastKnownFileType = sourcecode.swift; path = HouseStore.swift; sourceTree = "<group>"; };
		901FCB96F3EC1D093E1FAA26 /* Resources.swift */ = {isa = PBXFileReference; lastKnownFileType = sourcecode.swift; path = Resources.swift; sourceTree = "<group>"; };
		93322C02B9A13F6223EAF383 /* MainPetView.swift */ = {isa = PBXFileReference; lastKnownFileType = sourcecode.swift; path = MainPetView.swift; sourceTree = "<group>"; };
		97799F0DC0CAF0F77FB58402 /* METIMEUITests.swift */ = {isa = PBXFileReference; lastKnownFileType = sourcecode.swift; path = METIMEUITests.swift; sourceTree = "<group>"; };
		9B896AEB4509FB488B4ACC90 /* ambient_anxious.wav */ = {isa = PBXFileReference; lastKnownFileType = audio.wav; path = ambient_anxious.wav; sourceTree = "<group>"; };
		9F22731EC6A7D8F9071636FE /* GardenSectionView.swift */ = {isa = PBXFileReference; lastKnownFileType = sourcecode.swift; path = GardenSectionView.swift; sourceTree = "<group>"; };
		AA22F7D918FE7ADF95EA5330 /* ambient_sick.wav */ = {isa = PBXFileReference; lastKnownFileType = audio.wav; path = ambient_sick.wav; sourceTree = "<group>"; };
		AB363FCDF5759AC1907CCFC9 /* HouseView.swift */ = {isa = PBXFileReference; lastKnownFileType = sourcecode.swift; path = HouseView.swift; sourceTree = "<group>"; };
		B7D82AC5908E6C6B5D8BF125 /* METIME.app */ = {isa = PBXFileReference; includeInIndex = 0; lastKnownFileType = wrapper.application; path = METIME.app; sourceTree = BUILT_PRODUCTS_DIR; };
		B91242716B74CBD2BFF41195 /* PetNode.swift */ = {isa = PBXFileReference; lastKnownFileType = sourcecode.swift; path = PetNode.swift; sourceTree = "<group>"; };
		BC1A1B9356C560E725A25599 /* GardenScene.swift */ = {isa = PBXFileReference; lastKnownFileType = sourcecode.swift; path = GardenScene.swift; sourceTree = "<group>"; };
		BD298FF86424F924B05DC021 /* ambient_sleepy.wav */ = {isa = PBXFileReference; lastKnownFileType = audio.wav; path = ambient_sleepy.wav; sourceTree = "<group>"; };
		E5D9C0DBB1C7F9277761554D /* Assets.xcassets */ = {isa = PBXFileReference; lastKnownFileType = folder.assetcatalog; path = Assets.xcassets; sourceTree = "<group>"; };
		ECCB30A5EDD189D19827303E /* METIMETests.xctest */ = {isa = PBXFileReference; includeInIndex = 0; lastKnownFileType = wrapper.cfbundle; path = METIMETests.xctest; sourceTree = BUILT_PRODUCTS_DIR; };
		F0F8E26535EE51B5C5B0319A /* StoreView.swift */ = {isa = PBXFileReference; lastKnownFileType = sourcecode.swift; path = StoreView.swift; sourceTree = "<group>"; };
		F22553E3DB9FE31B7AE9DFDF /* ParticleFactory.swift */ = {isa = PBXFileReference; lastKnownFileType = sourcecode.swift; path = ParticleFactory.swift; sourceTree = "<group>"; };
		F6A92BFC107BC53F29B01519 /* GameStore.swift */ = {isa = PBXFileReference; lastKnownFileType = sourcecode.swift; path = GameStore.swift; sourceTree = "<group>"; };
/* End PBXFileReference section */

/* Begin PBXGroup section */
		04279DD9F1EF407EA2D79457 /* METIMEUITests */ = {
			isa = PBXGroup;
			children = (
				97799F0DC0CAF0F77FB58402 /* METIMEUITests.swift */,
			);
			path = METIMEUITests;
			sourceTree = "<group>";
		};
		16D5EDEDF2B8AAB5E279C831 /* Resources */ = {
			isa = PBXGroup;
			children = (
				E5D9C0DBB1C7F9277761554D /* Assets.xcassets */,
				944E8BB65A324C633E68E475 /* Audio */,
			);
			path = Resources;
			sourceTree = "<group>";
		};
		1D31ACA709E0B302B1B46708 /* Tests */ = {
			isa = PBXGroup;
			children = (
				7135A2822DFD67AF739FE549 /* METIMETests */,
				04279DD9F1EF407EA2D79457 /* METIMEUITests */,
			);
			path = Tests;
			sourceTree = "<group>";
		};
		23339CAD280513CB80EC2B82 /* Persistence */ = {
			isa = PBXGroup;
			children = (
				F6A92BFC107BC53F29B01519 /* GameStore.swift */,
			);
			path = Persistence;
			sourceTree = "<group>";
		};
		23C036E160A277FB6F880E7C /* UI */ = {
			isa = PBXGroup;
			children = (
				9F22731EC6A7D8F9071636FE /* GardenSectionView.swift */,
				93322C02B9A13F6223EAF383 /* MainPetView.swift */,
				842FAFAD76D2C0434A00DE01 /* SharedHelpers.swift */,
				F0F8E26535EE51B5C5B0319A /* StoreView.swift */,
				F0E64F276DDEDB2D0B92CB3A /* Mockups */,
			);
			path = UI;
			sourceTree = "<group>";
		};
		36D5B366B19C9DBCF9C139AB /* Products */ = {
			isa = PBXGroup;
			children = (
				B7D82AC5908E6C6B5D8BF125 /* METIME.app */,
				ECCB30A5EDD189D19827303E /* METIMETests.xctest */,
				41EC7216656400D141376423 /* METIMEUITests.xctest */,
			);
			name = Products;
			sourceTree = "<group>";
		};
		3D8F94684764A2BEFA2F3555 /* Audio */ = {
			isa = PBXGroup;
			children = (
				1FBE447E8DDF06F279BB5F1F /* SoundscapeManager.swift */,
			);
			path = Audio;
			sourceTree = "<group>";
		};
		7135A2822DFD67AF739FE549 /* METIMETests */ = {
			isa = PBXGroup;
			children = (
				2A70FB2F1F3E9B098C83D508 /* GameStoreTests.swift */,
			);
			path = METIMETests;
			sourceTree = "<group>";
		};
		8F56FF9C35E2A5C31B855FB8 /* Garden */ = {
			isa = PBXGroup;
			children = (
				7AA6CECFC6AF48DB5E0C7427 /* BedNode.swift */,
				BC1A1B9356C560E725A25599 /* GardenScene.swift */,
			);
			path = Garden;
			sourceTree = "<group>";
		};
		944E8BB65A324C633E68E475 /* Audio */ = {
			isa = PBXGroup;
			children = (
				9B896AEB4509FB488B4ACC90 /* ambient_anxious.wav */,
				53168A29D2F451575F7A2018 /* ambient_calm.wav */,
				36B1A09E4FD17405059723C2 /* ambient_happy.wav */,
				AA22F7D918FE7ADF95EA5330 /* ambient_sick.wav */,
				BD298FF86424F924B05DC021 /* ambient_sleepy.wav */,
				0BB4319FFACDBD66ED2E4874 /* gentle_bell.wav */,
			);
			path = Audio;
			sourceTree = "<group>";
		};
		956AAA2B4FBEA190E72F42A6 /* App */ = {
			isa = PBXGroup;
			children = (
				3BB96584783D1F15149030F7 /* AppState.swift */,
				519202695227C6EE54A2A64A /* METIMEApp.swift */,
				524DA3B6856AF362A2299900 /* NavigationState.swift */,
				5E85600609A25EC6C5FCA55C /* PetColor.swift */,
				901FCB96F3EC1D093E1FAA26 /* Resources.swift */,
				DD45C994C49F5B3ABFC263E9 /* Resources */,
			);
			path = App;
			sourceTree = "<group>";
		};
		9FEBD19192D6309FCD560FD9 /* Store */ = {
			isa = PBXGroup;
			children = (
				259FB94DF97009E848705E11 /* HouseItem.swift */,
				8E29C530692477A82C760400 /* HouseStore.swift */,
				53B4FF3B6A6AE35F1581E132 /* InventoryModel.swift */,
			);
			path = Store;
			sourceTree = "<group>";
		};
		B643AC66C2A1D1103760D9A4 = {
			isa = PBXGroup;
			children = (
				956AAA2B4FBEA190E72F42A6 /* App */,
				3D8F94684764A2BEFA2F3555 /* Audio */,
				BD489856CF2A9BF9319C5524 /* Creature */,
				CAD47FF4938B8498089BB2DE /* Data */,
				8F56FF9C35E2A5C31B855FB8 /* Garden */,
				E04B12C46D12B50B9A95C79D /* House */,
				16D5EDEDF2B8AAB5E279C831 /* Resources */,
				9FEBD19192D6309FCD560FD9 /* Store */,
				1D31ACA709E0B302B1B46708 /* Tests */,
				23C036E160A277FB6F880E7C /* UI */,
				36D5B366B19C9DBCF9C139AB /* Products */,
			);
			sourceTree = "<group>";
		};
		BD489856CF2A9BF9319C5524 /* Creature */ = {
			isa = PBXGroup;
			children = (
				F22553E3DB9FE31B7AE9DFDF /* ParticleFactory.swift */,
				B91242716B74CBD2BFF41195 /* PetNode.swift */,
			);
			path = Creature;
			sourceTree = "<group>";
		};
		CAD47FF4938B8498089BB2DE /* Data */ = {
			isa = PBXGroup;
			children = (
				23339CAD280513CB80EC2B82 /* Persistence */,
			);
			path = Data;
			sourceTree = "<group>";
		};
		DD45C994C49F5B3ABFC263E9 /* Resources */ = {
			isa = PBXGroup;
			children = (
				3E000D7FB1BA5C30C43EDF0C /* PrivacyInfo.xcprivacy */,
			);
			path = Resources;
			sourceTree = "<group>";
		};
		E04B12C46D12B50B9A95C79D /* House */ = {
			isa = PBXGroup;
			children = (
				80860656CEFECF59E511458F /* HouseScene.swift */,
				AB363FCDF5759AC1907CCFC9 /* HouseView.swift */,
			);
			path = House;
			sourceTree = "<group>";
		};
		F0E64F276DDEDB2D0B92CB3A /* Mockups */ = {
			isa = PBXGroup;
			children = (
				0DF8B4C4A3B1F7D971CE1E73 /* MockupGalleryView.swift */,
			);
			path = Mockups;
			sourceTree = "<group>";
		};
/* End PBXGroup section */

/* Begin PBXNativeTarget section */
		268BB536C5F2A49EEE8A686F /* METIMEUITests */ = {
			isa = PBXNativeTarget;
			buildConfigurationList = AADAF282187E9A454A38C6AB /* Build configuration list for PBXNativeTarget "METIMEUITests" */;
			buildPhases = (
				83A92F28C57E22B42A9F3BB1 /* Sources */,
			);
			buildRules = (
			);
			dependencies = (
				A4FD08FC00371F00AA86BB9B /* PBXTargetDependency */,
			);
			name = METIMEUITests;
			packageProductDependencies = (
			);
			productName = METIMEUITests;
			productReference = 41EC7216656400D141376423 /* METIMEUITests.xctest */;
			productType = "com.apple.product-type.bundle.ui-testing";
		};
		96FEC00E8DED502095E010C5 /* METIME */ = {
			isa = PBXNativeTarget;
			buildConfigurationList = 71EB0B81D34CE4FBAB0B2B5E /* Build configuration list for PBXNativeTarget "METIME" */;
			buildPhases = (
				BE64CE19C5F261455BBB0BEA /* Sources */,
				CCE9997AC06C66238D0A03DF /* Resources */,
			);
			buildRules = (
			);
			dependencies = (
			);
			name = METIME;
			packageProductDependencies = (
			);
			productName = METIME;
			productReference = B7D82AC5908E6C6B5D8BF125 /* METIME.app */;
			productType = "com.apple.product-type.application";
		};
		FC0B1164F7A8AB9253B75C12 /* METIMETests */ = {
			isa = PBXNativeTarget;
			buildConfigurationList = FEC3D010D36ADEA8BD140773 /* Build configuration list for PBXNativeTarget "METIMETests" */;
			buildPhases = (
				AD0F1BC3E020673A5DCD8175 /* Sources */,
			);
			buildRules = (
			);
			dependencies = (
				B237DA752556A85870F001BC /* PBXTargetDependency */,
			);
			name = METIMETests;
			packageProductDependencies = (
			);
			productName = METIMETests;
			productReference = ECCB30A5EDD189D19827303E /* METIMETests.xctest */;
			productType = "com.apple.product-type.bundle.unit-test";
		};
/* End PBXNativeTarget section */

/* Begin PBXProject section */
		094BAA5952368A2A20FFE1BD /* Project object */ = {
			isa = PBXProject;
			attributes = {
				BuildIndependentTargetsInParallel = YES;
				LastUpgradeCheck = 1430;
				TargetAttributes = {
					268BB536C5F2A49EEE8A686F = {
						DevelopmentTeam = "";
						TestTargetID = 96FEC00E8DED502095E010C5;
					};
					96FEC00E8DED502095E010C5 = {
						DevelopmentTeam = "";
					};
					FC0B1164F7A8AB9253B75C12 = {
						DevelopmentTeam = "";
					};
				};
			};
			buildConfigurationList = 27D3F20978ED7A17B4E8404E /* Build configuration list for PBXProject "METIME" */;
			developmentRegion = en;
			hasScannedForEncodings = 0;
			knownRegions = (
				Base,
				en,
			);
			mainGroup = B643AC66C2A1D1103760D9A4;
			minimizedProjectReferenceProxies = 1;
			preferredProjectObjectVersion = 77;
			productRefGroup = 36D5B366B19C9DBCF9C139AB /* Products */;
			projectDirPath = "";
			projectRoot = "";
			targets = (
				96FEC00E8DED502095E010C5 /* METIME */,
				FC0B1164F7A8AB9253B75C12 /* METIMETests */,
				268BB536C5F2A49EEE8A686F /* METIMEUITests */,
			);
		};
/* End PBXProject section */

/* Begin PBXResourcesBuildPhase section */
		CCE9997AC06C66238D0A03DF /* Resources */ = {
			isa = PBXResourcesBuildPhase;
			buildActionMask = 2147483647;
			files = (
				DDCDF327222A3BE66EE3FE5A /* Assets.xcassets in Resources */,
				0ECC47597B24D6EBDC8A0B15 /* PrivacyInfo.xcprivacy in Resources */,
				B40977F25131FD90E64179D9 /* ambient_anxious.wav in Resources */,
				FCC883CDB3A718A2D6828717 /* ambient_calm.wav in Resources */,
				97FB6354183ECD2D43D2A14B /* ambient_happy.wav in Resources */,
				251F9BC8981816C087E2D415 /* ambient_sick.wav in Resources */,
				B4325CAAF0AF9DBDE1C3BFD7 /* ambient_sleepy.wav in Resources */,
				78D636887C56B02E4CAE232F /* gentle_bell.wav in Resources */,
			);
			runOnlyForDeploymentPostprocessing = 0;
		};
/* End PBXResourcesBuildPhase section */

/* Begin PBXSourcesBuildPhase section */
		83A92F28C57E22B42A9F3BB1 /* Sources */ = {
			isa = PBXSourcesBuildPhase;
			buildActionMask = 2147483647;
			files = (
				EFB90F5486189C0C0E1F5D3D /* METIMEUITests.swift in Sources */,
			);
			runOnlyForDeploymentPostprocessing = 0;
		};
		AD0F1BC3E020673A5DCD8175 /* Sources */ = {
			isa = PBXSourcesBuildPhase;
			buildActionMask = 2147483647;
			files = (
				2F1A049D585F08B0DADD902D /* GameStoreTests.swift in Sources */,
			);
			runOnlyForDeploymentPostprocessing = 0;
		};
		BE64CE19C5F261455BBB0BEA /* Sources */ = {
			isa = PBXSourcesBuildPhase;
			buildActionMask = 2147483647;
			files = (
				4946FFBAA53D02B397FFE293 /* AppState.swift in Sources */,
				0FACD7A452F8EE065AE34DBE /* BedNode.swift in Sources */,
				8A66AFECAFD6D66A52D29B8E /* GameStore.swift in Sources */,
				6E3329208B09DA740019C006 /* GardenScene.swift in Sources */,
				CCB1D4860A655D6133C747E6 /* GardenSectionView.swift in Sources */,
				7D4810B54A9BAE7A369EC658 /* HouseItem.swift in Sources */,
				3BF4DD8E0A71CCCDDC387E62 /* HouseScene.swift in Sources */,
				3220BFBAF71D28E040B66A2D /* HouseStore.swift in Sources */,
				C92B93D14CF50E6D1FD3231F /* HouseView.swift in Sources */,
				26ED68E956BDD4BB3AEA5E99 /* InventoryModel.swift in Sources */,
				FF6639787893C0A041094DEA /* METIMEApp.swift in Sources */,
				217D80CB58BEC18829D7402F /* MainPetView.swift in Sources */,
				75F51B8E7D56F3CC4EF41917 /* MockupGalleryView.swift in Sources */,
				B451CF2A2EEDA8215E3ED1F5 /* NavigationState.swift in Sources */,
				E57674FF2999B2D0DA863952 /* ParticleFactory.swift in Sources */,
				510CA878F373C6F538A2C313 /* PetColor.swift in Sources */,
				E14191D9F9D4BA301D2E728C /* PetNode.swift in Sources */,
				07F5B781C32DDAB6DAFF668B /* Resources.swift in Sources */,
				682ACF1FF97894234F52CB79 /* SharedHelpers.swift in Sources */,
				715C4C7A1DE46BB3EFB85FF8 /* SoundscapeManager.swift in Sources */,
				292235C9542C1A210E355C16 /* StoreView.swift in Sources */,
			);
			runOnlyForDeploymentPostprocessing = 0;
		};
/* End PBXSourcesBuildPhase section */

/* Begin PBXTargetDependency section */
		A4FD08FC00371F00AA86BB9B /* PBXTargetDependency */ = {
			isa = PBXTargetDependency;
			target = 96FEC00E8DED502095E010C5 /* METIME */;
			targetProxy = E4E28A22235FC053F5881D9C /* PBXContainerItemProxy */;
		};
		B237DA752556A85870F001BC /* PBXTargetDependency */ = {
			isa = PBXTargetDependency;
			target = 96FEC00E8DED502095E010C5 /* METIME */;
			targetProxy = 072435BD8333835ADE26F10F /* PBXContainerItemProxy */;
		};
/* End PBXTargetDependency section */

/* Begin XCBuildConfiguration section */
		3FA66650A82A51BE54A62420 /* Debug */ = {
			isa = XCBuildConfiguration;
			buildSettings = {
				BUNDLE_LOADER = "$(TEST_HOST)";
				IPHONEOS_DEPLOYMENT_TARGET = 17.0;
				LD_RUNPATH_SEARCH_PATHS = (
					"$(inherited)",
					"@executable_path/Frameworks",
					"@loader_path/Frameworks",
				);
				PRODUCT_BUNDLE_IDENTIFIER = com.metime.app.uitests;
				SDKROOT = iphoneos;
				TARGETED_DEVICE_FAMILY = "1,2";
				TEST_TARGET_NAME = METIME;
			};
			name = Debug;
		};
		744F9CA9990400179E7B3161 /* Debug */ = {
			isa = XCBuildConfiguration;
			buildSettings = {
				BUNDLE_LOADER = "$(TEST_HOST)";
				IPHONEOS_DEPLOYMENT_TARGET = 17.0;
				LD_RUNPATH_SEARCH_PATHS = (
					"$(inherited)",
					"@executable_path/Frameworks",
					"@loader_path/Frameworks",
				);
				PRODUCT_BUNDLE_IDENTIFIER = com.metime.app.tests;
				SDKROOT = iphoneos;
				SWIFT_STRICT_CONCURRENCY = complete;
				TARGETED_DEVICE_FAMILY = "1,2";
				TEST_HOST = "$(BUILT_PRODUCTS_DIR)/METIME.app/METIME";
			};
			name = Debug;
		};
		80975BA0533F4E18D49A2991 /* Release */ = {
			isa = XCBuildConfiguration;
			buildSettings = {
				ALWAYS_SEARCH_USER_PATHS = NO;
				CLANG_ANALYZER_NONNULL = YES;
				CLANG_ANALYZER_NUMBER_OBJECT_CONVERSION = YES_AGGRESSIVE;
				CLANG_CXX_LANGUAGE_STANDARD = "gnu++14";
				CLANG_CXX_LIBRARY = "libc++";
				CLANG_ENABLE_MODULES = YES;
				CLANG_ENABLE_OBJC_ARC = YES;
				CLANG_ENABLE_OBJC_WEAK = YES;
				CLANG_WARN_BLOCK_CAPTURE_AUTORELEASING = YES;
				CLANG_WARN_BOOL_CONVERSION = YES;
				CLANG_WARN_COMMA = YES;
				CLANG_WARN_CONSTANT_CONVERSION = YES;
				CLANG_WARN_DEPRECATED_OBJC_IMPLEMENTATIONS = YES;
				CLANG_WARN_DIRECT_OBJC_ISA_USAGE = YES_ERROR;
				CLANG_WARN_DOCUMENTATION_COMMENTS = YES;
				CLANG_WARN_EMPTY_BODY = YES;
				CLANG_WARN_ENUM_CONVERSION = YES;
				CLANG_WARN_INFINITE_RECURSION = YES;
				CLANG_WARN_INT_CONVERSION = YES;
				CLANG_WARN_NON_LITERAL_NULL_CONVERSION = YES;
				CLANG_WARN_OBJC_IMPLICIT_RETAIN_SELF = YES;
				CLANG_WARN_OBJC_LITERAL_CONVERSION = YES;
				CLANG_WARN_OBJC_ROOT_CLASS = YES_ERROR;
				CLANG_WARN_QUOTED_INCLUDE_IN_FRAMEWORK_HEADER = YES;
				CLANG_WARN_RANGE_LOOP_ANALYSIS = YES;
				CLANG_WARN_STRICT_PROTOTYPES = YES;
				CLANG_WARN_SUSPICIOUS_MOVE = YES;
				CLANG_WARN_UNGUARDED_AVAILABILITY = YES_AGGRESSIVE;
				CLANG_WARN_UNREACHABLE_CODE = YES;
				CLANG_WARN__DUPLICATE_METHOD_MATCH = YES;
				COPY_PHASE_STRIP = NO;
				DEBUG_INFORMATION_FORMAT = "dwarf-with-dsym";
				DEVELOPMENT_TEAM = "";
				ENABLE_NS_ASSERTIONS = NO;
				ENABLE_STRICT_OBJC_MSGSEND = YES;
				GCC_C_LANGUAGE_STANDARD = gnu11;
				GCC_NO_COMMON_BLOCKS = YES;
				GCC_WARN_64_TO_32_BIT_CONVERSION = YES;
				GCC_WARN_ABOUT_RETURN_TYPE = YES_ERROR;
				GCC_WARN_UNDECLARED_SELECTOR = YES;
				GCC_WARN_UNINITIALIZED_AUTOS = YES_AGGRESSIVE;
				GCC_WARN_UNUSED_FUNCTION = YES;
				GCC_WARN_UNUSED_VARIABLE = YES;
				IPHONEOS_DEPLOYMENT_TARGET = 17.0;
				MTL_ENABLE_DEBUG_INFO = NO;
				MTL_FAST_MATH = YES;
				PRODUCT_NAME = "$(TARGET_NAME)";
				SDKROOT = iphoneos;
				SWIFT_COMPILATION_MODE = wholemodule;
				SWIFT_OPTIMIZATION_LEVEL = "-O";
				SWIFT_STRICT_CONCURRENCY = complete;
				SWIFT_VERSION = 5.9;
				TARGETED_DEVICE_FAMILY = "1,2";
			};
			name = Release;
		};
		810689739599EDD00BC0E607 /* Debug */ = {
			isa = XCBuildConfiguration;
			buildSettings = {
				ASSETCATALOG_COMPILER_APPICON_NAME = AppIcon;
				CODE_SIGN_ENTITLEMENTS = METIME.entitlements;
				CODE_SIGN_IDENTITY = "iPhone Developer";
				DATA_PROTECTION_CLASS = NSFileProtectionCompleteUnlessOpen;
				GENERATE_INFOPLIST_FILE = NO;
				INFOPLIST_FILE = Info.plist;
				IPHONEOS_DEPLOYMENT_TARGET = 17.0;
				LD_RUNPATH_SEARCH_PATHS = (
					"$(inherited)",
					"@executable_path/Frameworks",
				);
				PRODUCT_BUNDLE_IDENTIFIER = com.metime.app;
				SDKROOT = iphoneos;
				TARGETED_DEVICE_FAMILY = "1,2";
			};
			name = Debug;
		};
		832A38EE96928DB8E8F00A5F /* Release */ = {
			isa = XCBuildConfiguration;
			buildSettings = {
				ASSETCATALOG_COMPILER_APPICON_NAME = AppIcon;
				CODE_SIGN_ENTITLEMENTS = METIME.entitlements;
				CODE_SIGN_IDENTITY = "iPhone Developer";
				DATA_PROTECTION_CLASS = NSFileProtectionCompleteUnlessOpen;
				GENERATE_INFOPLIST_FILE = NO;
				INFOPLIST_FILE = Info.plist;
				IPHONEOS_DEPLOYMENT_TARGET = 17.0;
				LD_RUNPATH_SEARCH_PATHS = (
					"$(inherited)",
					"@executable_path/Frameworks",
				);
				PRODUCT_BUNDLE_IDENTIFIER = com.metime.app;
				SDKROOT = iphoneos;
				TARGETED_DEVICE_FAMILY = "1,2";
			};
			name = Release;
		};
		A3582FF8E503D5DE35B87231 /* Release */ = {
			isa = XCBuildConfiguration;
			buildSettings = {
				BUNDLE_LOADER = "$(TEST_HOST)";
				IPHONEOS_DEPLOYMENT_TARGET = 17.0;
				LD_RUNPATH_SEARCH_PATHS = (
					"$(inherited)",
					"@executable_path/Frameworks",
					"@loader_path/Frameworks",
				);
				PRODUCT_BUNDLE_IDENTIFIER = com.metime.app.tests;
				SDKROOT = iphoneos;
				SWIFT_STRICT_CONCURRENCY = complete;
				TARGETED_DEVICE_FAMILY = "1,2";
				TEST_HOST = "$(BUILT_PRODUCTS_DIR)/METIME.app/METIME";
			};
			name = Release;
		};
		A4C3D5274228F433792D8169 /* Release */ = {
			isa = XCBuildConfiguration;
			buildSettings = {
				BUNDLE_LOADER = "$(TEST_HOST)";
				IPHONEOS_DEPLOYMENT_TARGET = 17.0;
				LD_RUNPATH_SEARCH_PATHS = (
					"$(inherited)",
					"@executable_path/Frameworks",
					"@loader_path/Frameworks",
				);
				PRODUCT_BUNDLE_IDENTIFIER = com.metime.app.uitests;
				SDKROOT = iphoneos;
				TARGETED_DEVICE_FAMILY = "1,2";
				TEST_TARGET_NAME = METIME;
			};
			name = Release;
		};
		A5C9007B5B82E5E3BEFA8A45 /* Debug */ = {
			isa = XCBuildConfiguration;
			buildSettings = {
				ALWAYS_SEARCH_USER_PATHS = NO;
				CLANG_ANALYZER_NONNULL = YES;
				CLANG_ANALYZER_NUMBER_OBJECT_CONVERSION = YES_AGGRESSIVE;
				CLANG_CXX_LANGUAGE_STANDARD = "gnu++14";
				CLANG_CXX_LIBRARY = "libc++";
				CLANG_ENABLE_MODULES = YES;
				CLANG_ENABLE_OBJC_ARC = YES;
				CLANG_ENABLE_OBJC_WEAK = YES;
				CLANG_WARN_BLOCK_CAPTURE_AUTORELEASING = YES;
				CLANG_WARN_BOOL_CONVERSION = YES;
				CLANG_WARN_COMMA = YES;
				CLANG_WARN_CONSTANT_CONVERSION = YES;
				CLANG_WARN_DEPRECATED_OBJC_IMPLEMENTATIONS = YES;
				CLANG_WARN_DIRECT_OBJC_ISA_USAGE = YES_ERROR;
				CLANG_WARN_DOCUMENTATION_COMMENTS = YES;
				CLANG_WARN_EMPTY_BODY = YES;
				CLANG_WARN_ENUM_CONVERSION = YES;
				CLANG_WARN_INFINITE_RECURSION = YES;
				CLANG_WARN_INT_CONVERSION = YES;
				CLANG_WARN_NON_LITERAL_NULL_CONVERSION = YES;
				CLANG_WARN_OBJC_IMPLICIT_RETAIN_SELF = YES;
				CLANG_WARN_OBJC_LITERAL_CONVERSION = YES;
				CLANG_WARN_OBJC_ROOT_CLASS = YES_ERROR;
				CLANG_WARN_QUOTED_INCLUDE_IN_FRAMEWORK_HEADER = YES;
				CLANG_WARN_RANGE_LOOP_ANALYSIS = YES;
				CLANG_WARN_STRICT_PROTOTYPES = YES;
				CLANG_WARN_SUSPICIOUS_MOVE = YES;
				CLANG_WARN_UNGUARDED_AVAILABILITY = YES_AGGRESSIVE;
				CLANG_WARN_UNREACHABLE_CODE = YES;
				CLANG_WARN__DUPLICATE_METHOD_MATCH = YES;
				COPY_PHASE_STRIP = NO;
				DEBUG_INFORMATION_FORMAT = dwarf;
				DEVELOPMENT_TEAM = "";
				ENABLE_STRICT_OBJC_MSGSEND = YES;
				ENABLE_TESTABILITY = YES;
				GCC_C_LANGUAGE_STANDARD = gnu11;
				GCC_DYNAMIC_NO_PIC = NO;
				GCC_NO_COMMON_BLOCKS = YES;
				GCC_OPTIMIZATION_LEVEL = 0;
				GCC_PREPROCESSOR_DEFINITIONS = (
					"$(inherited)",
					"DEBUG=1",
				);
				GCC_WARN_64_TO_32_BIT_CONVERSION = YES;
				GCC_WARN_ABOUT_RETURN_TYPE = YES_ERROR;
				GCC_WARN_UNDECLARED_SELECTOR = YES;
				GCC_WARN_UNINITIALIZED_AUTOS = YES_AGGRESSIVE;
				GCC_WARN_UNUSED_FUNCTION = YES;
				GCC_WARN_UNUSED_VARIABLE = YES;
				IPHONEOS_DEPLOYMENT_TARGET = 17.0;
				MTL_ENABLE_DEBUG_INFO = INCLUDE_SOURCE;
				MTL_FAST_MATH = YES;
				ONLY_ACTIVE_ARCH = YES;
				PRODUCT_NAME = "$(TARGET_NAME)";
				SDKROOT = iphoneos;
				SWIFT_ACTIVE_COMPILATION_CONDITIONS = DEBUG;
				SWIFT_OPTIMIZATION_LEVEL = "-Onone";
				SWIFT_STRICT_CONCURRENCY = complete;
				SWIFT_VERSION = 5.9;
				TARGETED_DEVICE_FAMILY = "1,2";
			};
			name = Debug;
		};
/* End XCBuildConfiguration section */

/* Begin XCConfigurationList section */
		27D3F20978ED7A17B4E8404E /* Build configuration list for PBXProject "METIME" */ = {
			isa = XCConfigurationList;
			buildConfigurations = (
				A5C9007B5B82E5E3BEFA8A45 /* Debug */,
				80975BA0533F4E18D49A2991 /* Release */,
			);
			defaultConfigurationIsVisible = 0;
			defaultConfigurationName = Debug;
		};
		71EB0B81D34CE4FBAB0B2B5E /* Build configuration list for PBXNativeTarget "METIME" */ = {
			isa = XCConfigurationList;
			buildConfigurations = (
				810689739599EDD00BC0E607 /* Debug */,
				832A38EE96928DB8E8F00A5F /* Release */,
			);
			defaultConfigurationIsVisible = 0;
			defaultConfigurationName = Debug;
		};
		AADAF282187E9A454A38C6AB /* Build configuration list for PBXNativeTarget "METIMEUITests" */ = {
			isa = XCConfigurationList;
			buildConfigurations = (
				3FA66650A82A51BE54A62420 /* Debug */,
				A4C3D5274228F433792D8169 /* Release */,
			);
			defaultConfigurationIsVisible = 0;
			defaultConfigurationName = Debug;
		};
		FEC3D010D36ADEA8BD140773 /* Build configuration list for PBXNativeTarget "METIMETests" */ = {
			isa = XCConfigurationList;
			buildConfigurations = (
				744F9CA9990400179E7B3161 /* Debug */,
				A3582FF8E503D5DE35B87231 /* Release */,
			);
			defaultConfigurationIsVisible = 0;
			defaultConfigurationName = Debug;
		};
/* End XCConfigurationList section */
	};
	rootObject = 094BAA5952368A2A20FFE1BD /* Project object */;
}
